
Microsoft Visual Studio Solution File, Format Version 12.00
# Visual Studio 15
VisualStudioVersion = 15.0.28307.757
MinimumVisualStudioVersion = 10.0.40219.1
Project("{FAE04EC0-301F-11D3-BF4B-00C04F79EFBC}") = "ConsoleApp8", "ConsoleApp8\ConsoleApp8.csproj", "{E192ADE6-659D-4940-9926-A0DFDE9C8595}"
EndProject
Global
	GlobalSection(SolutionConfigurationPlatforms) = preSolution
		Debug|Any CPU = Debug|Any CPU
		Release|Any CPU = Release|Any CPU
	EndGlobalSection
	GlobalSection(ProjectConfigurationPlatforms) = postSolution
		{E192ADE6-659D-4940-9926-A0DFDE9C8595}.Debug|Any CPU.ActiveCfg = Debug|Any CPU
		{E192ADE6-659D-4940-9926-A0DFDE9C8595}.Debug|Any CPU.Build.0 = Debug|Any CPU
		{E192ADE6-659D-4940-9926-A0DFDE9C8595}.Release|Any CPU.ActiveCfg = Release|Any CPU
		{E192ADE6-659D-4940-9926-A0DFDE9C8595}.Release|Any CPU.Build.0 = Release|Any CPU
	EndGlobalSection
	GlobalSection(SolutionProperties) = preSolution
		HideSolutionNode = FALSE
	EndGlobalSection
	GlobalSection(ExtensibilityGlobals) = postSolution
		SolutionGuid = {7FE9F053-6F00-4361-9CEE-212397E41D73}
	EndGlobalSection
EndGlobal
